
Microsoft Visual Studio Solution File, Format Version 12.00
# Visual Studio Version 17
VisualStudioVersion = 17.6.33723.286
MinimumVisualStudioVersion = 10.0.40219.1
Project("{FAE04EC0-301F-11D3-BF4B-00C04F79EFBC}") = "Daniel", "Lista1\Daniel.csproj", "{F6EDC322-8C6F-4814-A521-3F377C5DD681}"
EndProject
Global
	GlobalSection(SolutionConfigurationPlatforms) = preSolution
		Debug|Any CPU = Debug|Any CPU
		Release|Any CPU = Release|Any CPU
	EndGlobalSection
	GlobalSection(ProjectConfigurationPlatforms) = postSolution
		{F6EDC322-8C6F-4814-A521-3F377C5DD681}.Debug|Any CPU.ActiveCfg = Debug|Any CPU
		{F6EDC322-8C6F-4814-A521-3F377C5DD681}.Debug|Any CPU.Build.0 = Debug|Any CPU
		{F6EDC322-8C6F-4814-A521-3F377C5DD681}.Release|Any CPU.ActiveCfg = Release|Any CPU
		{F6EDC322-8C6F-4814-A521-3F377C5DD681}.Release|Any CPU.Build.0 = Release|Any CPU
	EndGlobalSection
	GlobalSection(SolutionProperties) = preSolution
		HideSolutionNode = FALSE
	EndGlobalSection
	GlobalSection(ExtensibilityGlobals) = postSolution
		SolutionGuid = {F351CF45-D479-4033-A095-4E6C3E1A64C7}
	EndGlobalSection
EndGlobal
